
Microsoft Visual Studio Solution File, Format Version 11.00
# Visual Studio 2010
Project("{FAE04EC0-301F-11D3-BF4B-00C04F79EFBC}") = "TestOrg", "TestOrg\TestOrg.csproj", "{44BFB5F3-312D-414C-87C9-F5882778A301}"
EndProject
Global
	GlobalSection(SolutionConfigurationPlatforms) = preSolution
		Debug|Any CPU = Debug|Any CPU
		Release|Any CPU = Release|Any CPU
	EndGlobalSection
	GlobalSection(ProjectConfigurationPlatforms) = postSolution
		{44BFB5F3-312D-414C-87C9-F5882778A301}.Debug|Any CPU.ActiveCfg = Debug|Any CPU
		{44BFB5F3-312D-414C-87C9-F5882778A301}.Debug|Any CPU.Build.0 = Debug|Any CPU
		{44BFB5F3-312D-414C-87C9-F5882778A301}.Release|Any CPU.ActiveCfg = Release|Any CPU
		{44BFB5F3-312D-414C-87C9-F5882778A301}.Release|Any CPU.Build.0 = Release|Any CPU
	EndGlobalSection
	GlobalSection(SolutionProperties) = preSolution
		HideSolutionNode = FALSE
	EndGlobalSection
EndGlobal
